
Microsoft Visual Studio Solution File, Format Version 12.00
# Visual Studio 2012
Project("{FAE04EC0-301F-11D3-BF4B-00C04F79EFBC}") = "AnimalCare", "AnimalCare\AnimalCare.csproj", "{23B6E3EB-05E2-4C48-9838-D4B582BE0B7F}"
EndProject
Project("{FAE04EC0-301F-11D3-BF4B-00C04F79EFBC}") = "AnimalCare.UITests", "AnimalCare.UITests\AnimalCare.UITests.csproj", "{2746D497-0306-41C3-A8AD-F3ADD3527F23}"
EndProject
Global
	GlobalSection(SolutionConfigurationPlatforms) = preSolution
		Debug|iPhoneSimulator = Debug|iPhoneSimulator
		Release|iPhone = Release|iPhone
		Release|iPhoneSimulator = Release|iPhoneSimulator
		Debug|iPhone = Debug|iPhone
		Debug|Any CPU = Debug|Any CPU
		Release|Any CPU = Release|Any CPU
	EndGlobalSection
	GlobalSection(ProjectConfigurationPlatforms) = postSolution
		{23B6E3EB-05E2-4C48-9838-D4B582BE0B7F}.Debug|Any CPU.ActiveCfg = Debug|iPhoneSimulator
		{23B6E3EB-05E2-4C48-9838-D4B582BE0B7F}.Debug|Any CPU.Build.0 = Debug|iPhoneSimulator
		{23B6E3EB-05E2-4C48-9838-D4B582BE0B7F}.Debug|iPhone.ActiveCfg = Debug|iPhone
		{23B6E3EB-05E2-4C48-9838-D4B582BE0B7F}.Debug|iPhone.Build.0 = Debug|iPhone
		{23B6E3EB-05E2-4C48-9838-D4B582BE0B7F}.Debug|iPhoneSimulator.ActiveCfg = Debug|iPhoneSimulator
		{23B6E3EB-05E2-4C48-9838-D4B582BE0B7F}.Debug|iPhoneSimulator.Build.0 = Debug|iPhoneSimulator
		{23B6E3EB-05E2-4C48-9838-D4B582BE0B7F}.Release|Any CPU.ActiveCfg = Release|iPhone
		{23B6E3EB-05E2-4C48-9838-D4B582BE0B7F}.Release|Any CPU.Build.0 = Release|iPhone
		{23B6E3EB-05E2-4C48-9838-D4B582BE0B7F}.Release|iPhone.ActiveCfg = Release|iPhone
		{23B6E3EB-05E2-4C48-9838-D4B582BE0B7F}.Release|iPhone.Build.0 = Release|iPhone
		{23B6E3EB-05E2-4C48-9838-D4B582BE0B7F}.Release|iPhoneSimulator.ActiveCfg = Release|iPhoneSimulator
		{23B6E3EB-05E2-4C48-9838-D4B582BE0B7F}.Release|iPhoneSimulator.Build.0 = Release|iPhoneSimulator
		{2746D497-0306-41C3-A8AD-F3ADD3527F23}.Debug|Any CPU.ActiveCfg = Debug|Any CPU
		{2746D497-0306-41C3-A8AD-F3ADD3527F23}.Debug|Any CPU.Build.0 = Debug|Any CPU
		{2746D497-0306-41C3-A8AD-F3ADD3527F23}.Debug|iPhone.ActiveCfg = Debug|Any CPU
		{2746D497-0306-41C3-A8AD-F3ADD3527F23}.Debug|iPhone.Build.0 = Debug|Any CPU
		{2746D497-0306-41C3-A8AD-F3ADD3527F23}.Debug|iPhoneSimulator.ActiveCfg = Debug|Any CPU
		{2746D497-0306-41C3-A8AD-F3ADD3527F23}.Debug|iPhoneSimulator.Build.0 = Debug|Any CPU
		{2746D497-0306-41C3-A8AD-F3ADD3527F23}.Release|Any CPU.ActiveCfg = Release|Any CPU
		{2746D497-0306-41C3-A8AD-F3ADD3527F23}.Release|Any CPU.Build.0 = Release|Any CPU
		{2746D497-0306-41C3-A8AD-F3ADD3527F23}.Release|iPhone.ActiveCfg = Release|Any CPU
		{2746D497-0306-41C3-A8AD-F3ADD3527F23}.Release|iPhone.Build.0 = Release|Any CPU
		{2746D497-0306-41C3-A8AD-F3ADD3527F23}.Release|iPhoneSimulator.ActiveCfg = Release|Any CPU
		{2746D497-0306-41C3-A8AD-F3ADD3527F23}.Release|iPhoneSimulator.Build.0 = Release|Any CPU
	EndGlobalSection
EndGlobal
